
Microsoft Visual Studio Solution File, Format Version 12.00
# Visual Studio Version 17
VisualStudioVersion = 17.7.34031.279
MinimumVisualStudioVersion = 10.0.40219.1
Project("{FAE04EC0-301F-11D3-BF4B-00C04F79EFBC}") = "ASD.Framework", "ASD.Framework\ASD.Framework.csproj", "{79FD32A7-1B6F-4CA0-8190-B48353B1B552}"
EndProject
Global
	GlobalSection(SolutionConfigurationPlatforms) = preSolution
		Debug|Any CPU = Debug|Any CPU
		Release|Any CPU = Release|Any CPU
	EndGlobalSection
	GlobalSection(ProjectConfigurationPlatforms) = postSolution
		{79FD32A7-1B6F-4CA0-8190-B48353B1B552}.Debug|Any CPU.ActiveCfg = Debug|Any CPU
		{79FD32A7-1B6F-4CA0-8190-B48353B1B552}.Debug|Any CPU.Build.0 = Debug|Any CPU
		{79FD32A7-1B6F-4CA0-8190-B48353B1B552}.Release|Any CPU.ActiveCfg = Release|Any CPU
		{79FD32A7-1B6F-4CA0-8190-B48353B1B552}.Release|Any CPU.Build.0 = Release|Any CPU
	EndGlobalSection
	GlobalSection(SolutionProperties) = preSolution
		HideSolutionNode = FALSE
	EndGlobalSection
	GlobalSection(ExtensibilityGlobals) = postSolution
		SolutionGuid = {DAAD5858-1C57-44EA-B4CD-A4831F400B51}
	EndGlobalSection
EndGlobal
